
Microsoft Visual Studio Solution File, Format Version 12.00
# Visual Studio Version 16
VisualStudioVersion = 16.0.31129.286
MinimumVisualStudioVersion = 10.0.40219.1
Project("{FAE04EC0-301F-11D3-BF4B-00C04F79EFBC}") = "Smart_Phone.UWP", "Smart_Phone.UWP\Smart_Phone.UWP.csproj", "{E88D6438-32DC-478D-8CAD-4EA16FFE3476}"
EndProject
Project("{FAE04EC0-301F-11D3-BF4B-00C04F79EFBC}") = "Smart_Phone.Android", "Smart_Phone.Android\Smart_Phone.Android.csproj", "{48199764-534A-4FDD-AD97-A1DEA62467C7}"
EndProject
Project("{FAE04EC0-301F-11D3-BF4B-00C04F79EFBC}") = "Smart_Phone", "Smart_Phone\Smart_Phone.csproj", "{AE895A81-0C53-47E7-B327-6056AE90FD80}"
EndProject
Global
	GlobalSection(SolutionConfigurationPlatforms) = preSolution
		Debug|Any CPU = Debug|Any CPU
		Debug|ARM = Debug|ARM
		Debug|x64 = Debug|x64
		Debug|x86 = Debug|x86
		Release|Any CPU = Release|Any CPU
		Release|ARM = Release|ARM
		Release|x64 = Release|x64
		Release|x86 = Release|x86
	EndGlobalSection
	GlobalSection(ProjectConfigurationPlatforms) = postSolution
		{E88D6438-32DC-478D-8CAD-4EA16FFE3476}.Debug|Any CPU.ActiveCfg = Debug|x86
		{E88D6438-32DC-478D-8CAD-4EA16FFE3476}.Debug|Any CPU.Build.0 = Debug|x86
		{E88D6438-32DC-478D-8CAD-4EA16FFE3476}.Debug|Any CPU.Deploy.0 = Debug|x86
		{E88D6438-32DC-478D-8CAD-4EA16FFE3476}.Debug|ARM.ActiveCfg = Debug|ARM
		{E88D6438-32DC-478D-8CAD-4EA16FFE3476}.Debug|ARM.Build.0 = Debug|ARM
		{E88D6438-32DC-478D-8CAD-4EA16FFE3476}.Debug|ARM.Deploy.0 = Debug|ARM
		{E88D6438-32DC-478D-8CAD-4EA16FFE3476}.Debug|x64.ActiveCfg = Debug|x64
		{E88D6438-32DC-478D-8CAD-4EA16FFE3476}.Debug|x64.Build.0 = Debug|x64
		{E88D6438-32DC-478D-8CAD-4EA16FFE3476}.Debug|x64.Deploy.0 = Debug|x64
		{E88D6438-32DC-478D-8CAD-4EA16FFE3476}.Debug|x86.ActiveCfg = Debug|x86
		{E88D6438-32DC-478D-8CAD-4EA16FFE3476}.Debug|x86.Build.0 = Debug|x86
		{E88D6438-32DC-478D-8CAD-4EA16FFE3476}.Debug|x86.Deploy.0 = Debug|x86
		{E88D6438-32DC-478D-8CAD-4EA16FFE3476}.Release|Any CPU.ActiveCfg = Release|x86
		{E88D6438-32DC-478D-8CAD-4EA16FFE3476}.Release|Any CPU.Build.0 = Release|x86
		{E88D6438-32DC-478D-8CAD-4EA16FFE3476}.Release|Any CPU.Deploy.0 = Release|x86
		{E88D6438-32DC-478D-8CAD-4EA16FFE3476}.Release|ARM.ActiveCfg = Release|ARM
		{E88D6438-32DC-478D-8CAD-4EA16FFE3476}.Release|ARM.Build.0 = Release|ARM
		{E88D6438-32DC-478D-8CAD-4EA16FFE3476}.Release|ARM.Deploy.0 = Release|ARM
		{E88D6438-32DC-478D-8CAD-4EA16FFE3476}.Release|x64.ActiveCfg = Release|x64
		{E88D6438-32DC-478D-8CAD-4EA16FFE3476}.Release|x64.Build.0 = Release|x64
		{E88D6438-32DC-478D-8CAD-4EA16FFE3476}.Release|x64.Deploy.0 = Release|x64
		{E88D6438-32DC-478D-8CAD-4EA16FFE3476}.Release|x86.ActiveCfg = Release|x86
		{E88D6438-32DC-478D-8CAD-4EA16FFE3476}.Release|x86.Build.0 = Release|x86
		{E88D6438-32DC-478D-8CAD-4EA16FFE3476}.Release|x86.Deploy.0 = Release|x86
		{48199764-534A-4FDD-AD97-A1DEA62467C7}.Debug|Any CPU.ActiveCfg = Debug|Any CPU
		{48199764-534A-4FDD-AD97-A1DEA62467C7}.Debug|Any CPU.Build.0 = Debug|Any CPU
		{48199764-534A-4FDD-AD97-A1DEA62467C7}.Debug|Any CPU.Deploy.0 = Debug|Any CPU
		{48199764-534A-4FDD-AD97-A1DEA62467C7}.Debug|ARM.ActiveCfg = Debug|Any CPU
		{48199764-534A-4FDD-AD97-A1DEA62467C7}.Debug|ARM.Build.0 = Debug|Any CPU
		{48199764-534A-4FDD-AD97-A1DEA62467C7}.Debug|ARM.Deploy.0 = Debug|Any CPU
		{48199764-534A-4FDD-AD97-A1DEA62467C7}.Debug|x64.ActiveCfg = Debug|Any CPU
		{48199764-534A-4FDD-AD97-A1DEA62467C7}.Debug|x64.Build.0 = Debug|Any CPU
		{48199764-534A-4FDD-AD97-A1DEA62467C7}.Debug|x64.Deploy.0 = Debug|Any CPU
		{48199764-534A-4FDD-AD97-A1DEA62467C7}.Debug|x86.ActiveCfg = Debug|Any CPU
		{48199764-534A-4FDD-AD97-A1DEA62467C7}.Debug|x86.Build.0 = Debug|Any CPU
		{48199764-534A-4FDD-AD97-A1DEA62467C7}.Debug|x86.Deploy.0 = Debug|Any CPU
		{48199764-534A-4FDD-AD97-A1DEA62467C7}.Release|Any CPU.ActiveCfg = Release|Any CPU
		{48199764-534A-4FDD-AD97-A1DEA62467C7}.Release|Any CPU.Build.0 = Release|Any CPU
		{48199764-534A-4FDD-AD97-A1DEA62467C7}.Release|Any CPU.Deploy.0 = Release|Any CPU
		{48199764-534A-4FDD-AD97-A1DEA62467C7}.Release|ARM.ActiveCfg = Release|Any CPU
		{48199764-534A-4FDD-AD97-A1DEA62467C7}.Release|ARM.Build.0 = Release|Any CPU
		{48199764-534A-4FDD-AD97-A1DEA62467C7}.Release|ARM.Deploy.0 = Release|Any CPU
		{48199764-534A-4FDD-AD97-A1DEA62467C7}.Release|x64.ActiveCfg = Release|Any CPU
		{48199764-534A-4FDD-AD97-A1DEA62467C7}.Release|x64.Build.0 = Release|Any CPU
		{48199764-534A-4FDD-AD97-A1DEA62467C7}.Release|x64.Deploy.0 = Release|Any CPU
		{48199764-534A-4FDD-AD97-A1DEA62467C7}.Release|x86.ActiveCfg = Release|Any CPU
		{48199764-534A-4FDD-AD97-A1DEA62467C7}.Release|x86.Build.0 = Release|Any CPU
		{48199764-534A-4FDD-AD97-A1DEA62467C7}.Release|x86.Deploy.0 = Release|Any CPU
		{AE895A81-0C53-47E7-B327-6056AE90FD80}.Debug|Any CPU.ActiveCfg = Debug|Any CPU
		{AE895A81-0C53-47E7-B327-6056AE90FD80}.Debug|Any CPU.Build.0 = Debug|Any CPU
		{AE895A81-0C53-47E7-B327-6056AE90FD80}.Debug|Any CPU.Deploy.0 = Debug|Any CPU
		{AE895A81-0C53-47E7-B327-6056AE90FD80}.Debug|ARM.ActiveCfg = Debug|Any CPU
		{AE895A81-0C53-47E7-B327-6056AE90FD80}.Debug|ARM.Build.0 = Debug|Any CPU
		{AE895A81-0C53-47E7-B327-6056AE90FD80}.Debug|ARM.Deploy.0 = Debug|Any CPU
		{AE895A81-0C53-47E7-B327-6056AE90FD80}.Debug|x64.ActiveCfg = Debug|Any CPU
		{AE895A81-0C53-47E7-B327-6056AE90FD80}.Debug|x64.Build.0 = Debug|Any CPU
		{AE895A81-0C53-47E7-B327-6056AE90FD80}.Debug|x64.Deploy.0 = Debug|Any CPU
		{AE895A81-0C53-47E7-B327-6056AE90FD80}.Debug|x86.ActiveCfg = Debug|Any CPU
		{AE895A81-0C53-47E7-B327-6056AE90FD80}.Debug|x86.Build.0 = Debug|Any CPU
		{AE895A81-0C53-47E7-B327-6056AE90FD80}.Debug|x86.Deploy.0 = Debug|Any CPU
		{AE895A81-0C53-47E7-B327-6056AE90FD80}.Release|Any CPU.ActiveCfg = Release|Any CPU
		{AE895A81-0C53-47E7-B327-6056AE90FD80}.Release|Any CPU.Build.0 = Release|Any CPU
		{AE895A81-0C53-47E7-B327-6056AE90FD80}.Release|Any CPU.Deploy.0 = Release|Any CPU
		{AE895A81-0C53-47E7-B327-6056AE90FD80}.Release|ARM.ActiveCfg = Release|Any CPU
		{AE895A81-0C53-47E7-B327-6056AE90FD80}.Release|ARM.Build.0 = Release|Any CPU
		{AE895A81-0C53-47E7-B327-6056AE90FD80}.Release|ARM.Deploy.0 = Release|Any CPU
		{AE895A81-0C53-47E7-B327-6056AE90FD80}.Release|x64.ActiveCfg = Release|Any CPU
		{AE895A81-0C53-47E7-B327-6056AE90FD80}.Release|x64.Build.0 = Release|Any CPU
		{AE895A81-0C53-47E7-B327-6056AE90FD80}.Release|x64.Deploy.0 = Release|Any CPU
		{AE895A81-0C53-47E7-B327-6056AE90FD80}.Release|x86.ActiveCfg = Release|Any CPU
		{AE895A81-0C53-47E7-B327-6056AE90FD80}.Release|x86.Build.0 = Release|Any CPU
		{AE895A81-0C53-47E7-B327-6056AE90FD80}.Release|x86.Deploy.0 = Release|Any CPU
	EndGlobalSection
	GlobalSection(SolutionProperties) = preSolution
		HideSolutionNode = FALSE
	EndGlobalSection
	GlobalSection(ExtensibilityGlobals) = postSolution
		SolutionGuid = {166C2F1B-5FC0-488B-834F-47C62A2AAF8A}
	EndGlobalSection
EndGlobal
